
Microsoft Visual Studio Solution File, Format Version 12.00
# Visual Studio Version 16
VisualStudioVersion = 16.0.30517.126
MinimumVisualStudioVersion = 10.0.40219.1
Project("{FAE04EC0-301F-11D3-BF4B-00C04F79EFBC}") = "WebAPIAssignment", "WebAPIAssignment\WebAPIAssignment.csproj", "{5940B386-9BC4-4F57-AA9E-447B0AF03B83}"
EndProject
Global
	GlobalSection(SolutionConfigurationPlatforms) = preSolution
		Debug|Any CPU = Debug|Any CPU
		Release|Any CPU = Release|Any CPU
	EndGlobalSection
	GlobalSection(ProjectConfigurationPlatforms) = postSolution
		{5940B386-9BC4-4F57-AA9E-447B0AF03B83}.Debug|Any CPU.ActiveCfg = Debug|Any CPU
		{5940B386-9BC4-4F57-AA9E-447B0AF03B83}.Debug|Any CPU.Build.0 = Debug|Any CPU
		{5940B386-9BC4-4F57-AA9E-447B0AF03B83}.Release|Any CPU.ActiveCfg = Release|Any CPU
		{5940B386-9BC4-4F57-AA9E-447B0AF03B83}.Release|Any CPU.Build.0 = Release|Any CPU
	EndGlobalSection
	GlobalSection(SolutionProperties) = preSolution
		HideSolutionNode = FALSE
	EndGlobalSection
	GlobalSection(ExtensibilityGlobals) = postSolution
		SolutionGuid = {E949F0B8-BFC0-42A4-90C5-769C23B0CA6B}
	EndGlobalSection
EndGlobal
